
Microsoft Visual Studio Solution File, Format Version 12.00
# Visual Studio Version 17
VisualStudioVersion = 17.5.33424.131
MinimumVisualStudioVersion = 10.0.40219.1
Project("{FAE04EC0-301F-11D3-BF4B-00C04F79EFBC}") = "Task2TheLordOfThePasswords", "Task2TheLordOfThePasswords\Task2TheLordOfThePasswords.csproj", "{26CF2B6A-9E06-4AE8-AE64-EFF3538C6859}"
EndProject
Global
	GlobalSection(SolutionConfigurationPlatforms) = preSolution
		Debug|Any CPU = Debug|Any CPU
		Release|Any CPU = Release|Any CPU
	EndGlobalSection
	GlobalSection(ProjectConfigurationPlatforms) = postSolution
		{26CF2B6A-9E06-4AE8-AE64-EFF3538C6859}.Debug|Any CPU.ActiveCfg = Debug|Any CPU
		{26CF2B6A-9E06-4AE8-AE64-EFF3538C6859}.Debug|Any CPU.Build.0 = Debug|Any CPU
		{26CF2B6A-9E06-4AE8-AE64-EFF3538C6859}.Release|Any CPU.ActiveCfg = Release|Any CPU
		{26CF2B6A-9E06-4AE8-AE64-EFF3538C6859}.Release|Any CPU.Build.0 = Release|Any CPU
	EndGlobalSection
	GlobalSection(SolutionProperties) = preSolution
		HideSolutionNode = FALSE
	EndGlobalSection
	GlobalSection(ExtensibilityGlobals) = postSolution
		SolutionGuid = {4CE2BEF1-9A35-40BC-BB0A-2096D5E9C84D}
	EndGlobalSection
EndGlobal
